
Microsoft Visual Studio Solution File, Format Version 12.00
Project("{FAE04EC0-301F-11D3-BF4B-00C04F79EFBC}") = "VS.Cli", "VS.Cli\VS.Cli.csproj", "{3686E26B-8BC7-4F9C-9770-0FC9C5119455}"
EndProject
Project("{FAE04EC0-301F-11D3-BF4B-00C04F79EFBC}") = "VS.Domain", "VS.Domain\VS.Domain.csproj", "{D13FF722-B983-42FC-AEC6-100899484605}"
EndProject
Project("{FAE04EC0-301F-11D3-BF4B-00C04F79EFBC}") = "VS.Application", "VS.Application\VS.Application.csproj", "{C0584F07-30B1-4F71-9E39-9F965EA19E21}"
EndProject
Project("{FAE04EC0-301F-11D3-BF4B-00C04F79EFBC}") = "VS.Application.Test", "VS.Application.Test\VS.Application.Test.csproj", "{73C0EDE7-F1F8-4D66-944B-C6A6004F5346}"
EndProject
Global
	GlobalSection(SolutionConfigurationPlatforms) = preSolution
		Debug|Any CPU = Debug|Any CPU
		Release|Any CPU = Release|Any CPU
	EndGlobalSection
	GlobalSection(ProjectConfigurationPlatforms) = postSolution
		{3686E26B-8BC7-4F9C-9770-0FC9C5119455}.Debug|Any CPU.ActiveCfg = Debug|Any CPU
		{3686E26B-8BC7-4F9C-9770-0FC9C5119455}.Debug|Any CPU.Build.0 = Debug|Any CPU
		{3686E26B-8BC7-4F9C-9770-0FC9C5119455}.Release|Any CPU.ActiveCfg = Release|Any CPU
		{3686E26B-8BC7-4F9C-9770-0FC9C5119455}.Release|Any CPU.Build.0 = Release|Any CPU
		{D13FF722-B983-42FC-AEC6-100899484605}.Debug|Any CPU.ActiveCfg = Debug|Any CPU
		{D13FF722-B983-42FC-AEC6-100899484605}.Debug|Any CPU.Build.0 = Debug|Any CPU
		{D13FF722-B983-42FC-AEC6-100899484605}.Release|Any CPU.ActiveCfg = Release|Any CPU
		{D13FF722-B983-42FC-AEC6-100899484605}.Release|Any CPU.Build.0 = Release|Any CPU
		{C0584F07-30B1-4F71-9E39-9F965EA19E21}.Debug|Any CPU.ActiveCfg = Debug|Any CPU
		{C0584F07-30B1-4F71-9E39-9F965EA19E21}.Debug|Any CPU.Build.0 = Debug|Any CPU
		{C0584F07-30B1-4F71-9E39-9F965EA19E21}.Release|Any CPU.ActiveCfg = Release|Any CPU
		{C0584F07-30B1-4F71-9E39-9F965EA19E21}.Release|Any CPU.Build.0 = Release|Any CPU
		{73C0EDE7-F1F8-4D66-944B-C6A6004F5346}.Debug|Any CPU.ActiveCfg = Debug|Any CPU
		{73C0EDE7-F1F8-4D66-944B-C6A6004F5346}.Debug|Any CPU.Build.0 = Debug|Any CPU
		{73C0EDE7-F1F8-4D66-944B-C6A6004F5346}.Release|Any CPU.ActiveCfg = Release|Any CPU
		{73C0EDE7-F1F8-4D66-944B-C6A6004F5346}.Release|Any CPU.Build.0 = Release|Any CPU
	EndGlobalSection
EndGlobal
